// !$*UTF8*$!
{
	archiveVersion = 1;
	classes = {
	};
	objectVersion = 50;
	objects = {

/* Begin PBXBuildFile section */
		87EC8EB22395E9E60010F653 /* AppDelegate.swift in Sources */ = {isa = PBXBuildFile; fileRef = 87EC8EB12395E9E60010F653 /* AppDelegate.swift */; };
		87EC8EB42395E9E60010F653 /* SceneDelegate.swift in Sources */ = {isa = PBXBuildFile; fileRef = 87EC8EB32395E9E60010F653 /* SceneDelegate.swift */; };
		87EC8EB62395E9E60010F653 /* ViewController.swift in Sources */ = {isa = PBXBuildFile; fileRef = 87EC8EB52395E9E60010F653 /* ViewController.swift */; };
		87EC8EB92395E9E60010F653 /* Main.storyboard in Resources */ = {isa = PBXBuildFile; fileRef = 87EC8EB72395E9E60010F653 /* Main.storyboard */; };
		87EC8EBB2395E9E70010F653 /* Assets.xcassets in Resources */ = {isa = PBXBuildFile; fileRef = 87EC8EBA2395E9E70010F653 /* Assets.xcassets */; };
		87EC8EBE2395E9E70010F653 /* LaunchScreen.storyboard in Resources */ = {isa = PBXBuildFile; fileRef = 87EC8EBC2395E9E70010F653 /* LaunchScreen.storyboard */; };
		87EC8EC92395E9E70010F653 /* MAD2_Practical6Tests.swift in Sources */ = {isa = PBXBuildFile; fileRef = 87EC8EC82395E9E70010F653 /* MAD2_Practical6Tests.swift */; };
		87EC8ED42395E9E70010F653 /* MAD2_Practical6UITests.swift in Sources */ = {isa = PBXBuildFile; fileRef = 87EC8ED32395E9E70010F653 /* MAD2_Practical6UITests.swift */; };
		87EC8EE22395EA2E0010F653 /* Content.storyboard in Resources */ = {isa = PBXBuildFile; fileRef = 87EC8EE12395EA2E0010F653 /* Content.storyboard */; };
		A910EB778732719B53338CA5 /* libPods-MAD2_Practical6.a in Frameworks */ = {isa = PBXBuildFile; fileRef = 352A123A480230BA60EDEE13 /* libPods-MAD2_Practical6.a */; };
/* End PBXBuildFile section */

/* Begin PBXContainerItemProxy section */
		87EC8EC52395E9E70010F653 /* PBXContainerItemProxy */ = {
			isa = PBXContainerItemProxy;
			containerPortal = 87EC8EA62395E9E60010F653 /* Project object */;
			proxyType = 1;
			remoteGlobalIDString = 87EC8EAD2395E9E60010F653;
			remoteInfo = MAD2_Practical6;
		};
		87EC8ED02395E9E70010F653 /* PBXContainerItemProxy */ = {
			isa = PBXContainerItemProxy;
			containerPortal = 87EC8EA62395E9E60010F653 /* Project object */;
			proxyType = 1;
			remoteGlobalIDString = 87EC8EAD2395E9E60010F653;
			remoteInfo = MAD2_Practical6;
		};
/* End PBXContainerItemProxy section */

/* Begin PBXFileReference section */
		352A123A480230BA60EDEE13 /* libPods-MAD2_Practical6.a */ = {isa = PBXFileReference; explicitFileType = archive.ar; includeInIndex = 0; path = "libPods-MAD2_Practical6.a"; sourceTree = BUILT_PRODUCTS_DIR; };
		87EC8EAE2395E9E60010F653 /* MAD2_Practical6.app */ = {isa = PBXFileReference; explicitFileType = wrapper.application; includeInIndex = 0; path = MAD2_Practical6.app; sourceTree = BUILT_PRODUCTS_DIR; };
		87EC8EB12395E9E60010F653 /* AppDelegate.swift */ = {isa = PBXFileReference; lastKnownFileType = sourcecode.swift; path = AppDelegate.swift; sourceTree = "<group>"; };
		87EC8EB32395E9E60010F653 /* SceneDelegate.swift */ = {isa = PBXFileReference; lastKnownFileType = sourcecode.swift; path = SceneDelegate.swift; sourceTree = "<group>"; };
		87EC8EB52395E9E60010F653 /* ViewController.swift */ = {isa = PBXFileReference; lastKnownFileType = sourcecode.swift; path = ViewController.swift; sourceTree = "<group>"; };
		87EC8EB82395E9E60010F653 /* Base */ = {isa = PBXFileReference; lastKnownFileType = file.storyboard; name = Base; path = Base.lproj/Main.storyboard; sourceTree = "<group>"; };
		87EC8EBA2395E9E70010F653 /* Assets.xcassets */ = {isa = PBXFileReference; lastKnownFileType = folder.assetcatalog; path = Assets.xcassets; sourceTree = "<group>"; };
		87EC8EBD2395E9E70010F653 /* Base */ = {isa = PBXFileReference; lastKnownFileType = file.storyboard; name = Base; path = Base.lproj/LaunchScreen.storyboard; sourceTree = "<group>"; };
		87EC8EBF2395E9E70010F653 /* Info.plist */ = {isa = PBXFileReference; lastKnownFileType = text.plist.xml; path = Info.plist; sourceTree = "<group>"; };
		87EC8EC42395E9E70010F653 /* MAD2_Practical6Tests.xctest */ = {isa = PBXFileReference; explicitFileType = wrapper.cfbundle; includeInIndex = 0; path = MAD2_Practical6Tests.xctest; sourceTree = BUILT_PRODUCTS_DIR; };
		87EC8EC82395E9E70010F653 /* MAD2_Practical6Tests.swift */ = {isa = PBXFileReference; lastKnownFileType = sourcecode.swift; path = MAD2_Practical6Tests.swift; sourceTree = "<group>"; };
		87EC8ECA2395E9E70010F653 /* Info.plist */ = {isa = PBXFileReference; lastKnownFileType = text.plist.xml; path = Info.plist; sourceTree = "<group>"; };
		87EC8ECF2395E9E70010F653 /* MAD2_Practical6UITests.xctest */ = {isa = PBXFileReference; explicitFileType = wrapper.cfbundle; includeInIndex = 0; path = MAD2_Practical6UITests.xctest; sourceTree = BUILT_PRODUCTS_DIR; };
		87EC8ED32395E9E70010F653 /* MAD2_Practical6UITests.swift */ = {isa = PBXFileReference; lastKnownFileType = sourcecode.swift; path = MAD2_Practical6UITests.swift; sourceTree = "<group>"; };
		87EC8ED52395E9E70010F653 /* Info.plist */ = {isa = PBXFileReference; lastKnownFileType = text.plist.xml; path = Info.plist; sourceTree = "<group>"; };
		87EC8EE12395EA2E0010F653 /* Content.storyboard */ = {isa = PBXFileReference; lastKnownFileType = file.storyboard; path = Content.storyboard; sourceTree = "<group>"; };
		9B2BF9AF083611C4D06CA6EC /* Pods-MAD2_Practical6.release.xcconfig */ = {isa = PBXFileReference; includeInIndex = 1; lastKnownFileType = text.xcconfig; name = "Pods-MAD2_Practical6.release.xcconfig"; path = "Target Support Files/Pods-MAD2_Practical6/Pods-MAD2_Practical6.release.xcconfig"; sourceTree = "<group>"; };
		C666A0CD6C11FAF6A2F58FD7 /* Pods-MAD2_Practical6.debug.xcconfig */ = {isa = PBXFileReference; includeInIndex = 1; lastKnownFileType = text.xcconfig; name = "Pods-MAD2_Practical6.debug.xcconfig"; path = "Target Support Files/Pods-MAD2_Practical6/Pods-MAD2_Practical6.debug.xcconfig"; sourceTree = "<group>"; };
/* End PBXFileReference section */

/* Begin PBXFrameworksBuildPhase section */
		87EC8EAB2395E9E60010F653 /* Frameworks */ = {
			isa = PBXFrameworksBuildPhase;
			buildActionMask = 2147483647;
			files = (
				A910EB778732719B53338CA5 /* libPods-MAD2_Practical6.a in Frameworks */,
			);
			runOnlyForDeploymentPostprocessing = 0;
		};
		87EC8EC12395E9E70010F653 /* Frameworks */ = {
			isa = PBXFrameworksBuildPhase;
			buildActionMask = 2147483647;
			files = (
			);
			runOnlyForDeploymentPostprocessing = 0;
		};
		87EC8ECC2395E9E70010F653 /* Frameworks */ = {
			isa = PBXFrameworksBuildPhase;
			buildActionMask = 2147483647;
			files = (
			);
			runOnlyForDeploymentPostprocessing = 0;
		};
/* End PBXFrameworksBuildPhase section */

/* Begin PBXGroup section */
		3303CCBAA34F9F945A254288 /* Pods */ = {
			isa = PBXGroup;
			children = (
				C666A0CD6C11FAF6A2F58FD7 /* Pods-MAD2_Practical6.debug.xcconfig */,
				9B2BF9AF083611C4D06CA6EC /* Pods-MAD2_Practical6.release.xcconfig */,
			);
			name = Pods;
			path = Pods;
			sourceTree = "<group>";
		};
		4DB96AEC5ADFDAB07DA28668 /* Frameworks */ = {
			isa = PBXGroup;
			children = (
				352A123A480230BA60EDEE13 /* libPods-MAD2_Practical6.a */,
			);
			name = Frameworks;
			sourceTree = "<group>";
		};
		87EC8EA52395E9E60010F653 = {
			isa = PBXGroup;
			children = (
				87EC8EB02395E9E60010F653 /* MAD2_Practical6 */,
				87EC8EC72395E9E70010F653 /* MAD2_Practical6Tests */,
				87EC8ED22395E9E70010F653 /* MAD2_Practical6UITests */,
				87EC8EAF2395E9E60010F653 /* Products */,
				3303CCBAA34F9F945A254288 /* Pods */,
				4DB96AEC5ADFDAB07DA28668 /* Frameworks */,
			);
			sourceTree = "<group>";
		};
		87EC8EAF2395E9E60010F653 /* Products */ = {
			isa = PBXGroup;
			children = (
				87EC8EAE2395E9E60010F653 /* MAD2_Practical6.app */,
				87EC8EC42395E9E70010F653 /* MAD2_Practical6Tests.xctest */,
				87EC8ECF2395E9E70010F653 /* MAD2_Practical6UITests.xctest */,
			);
			name = Products;
			sourceTree = "<group>";
		};
		87EC8EB02395E9E60010F653 /* MAD2_Practical6 */ = {
			isa = PBXGroup;
			children = (
				87EC8EB12395E9E60010F653 /* AppDelegate.swift */,
				87EC8EB32395E9E60010F653 /* SceneDelegate.swift */,
				87EC8EB52395E9E60010F653 /* ViewController.swift */,
				87EC8EB72395E9E60010F653 /* Main.storyboard */,
				87EC8EBA2395E9E70010F653 /* Assets.xcassets */,
				87EC8EBC2395E9E70010F653 /* LaunchScreen.storyboard */,
				87EC8EBF2395E9E70010F653 /* Info.plist */,
				87EC8EE12395EA2E0010F653 /* Content.storyboard */,
			);
			path = MAD2_Practical6;
			sourceTree = "<group>";
		};
		87EC8EC72395E9E70010F653 /* MAD2_Practical6Tests */ = {
			isa = PBXGroup;
			children = (
				87EC8EC82395E9E70010F653 /* MAD2_Practical6Tests.swift */,
				87EC8ECA2395E9E70010F653 /* Info.plist */,
			);
			path = MAD2_Practical6Tests;
			sourceTree = "<group>";
		};
		87EC8ED22395E9E70010F653 /* MAD2_Practical6UITests */ = {
			isa = PBXGroup;
			children = (
				87EC8ED32395E9E70010F653 /* MAD2_Practical6UITests.swift */,
				87EC8ED52395E9E70010F653 /* Info.plist */,
			);
			path = MAD2_Practical6UITests;
			sourceTree = "<group>";
		};
/* End PBXGroup section */

/* Begin PBXNativeTarget section */
		87EC8EAD2395E9E60010F653 /* MAD2_Practical6 */ = {
			isa = PBXNativeTarget;
			buildConfigurationList = 87EC8ED82395E9E70010F653 /* Build configuration list for PBXNativeTarget "MAD2_Practical6" */;
			buildPhases = (
				AF87112954AE6767D9223D85 /* [CP] Check Pods Manifest.lock */,
				87EC8EAA2395E9E60010F653 /* Sources */,
				87EC8EAB2395E9E60010F653 /* Frameworks */,
				87EC8EAC2395E9E60010F653 /* Resources */,
			);
			buildRules = (
			);
			dependencies = (
			);
			name = MAD2_Practical6;
			productName = MAD2_Practical6;
			productReference = 87EC8EAE2395E9E60010F653 /* MAD2_Practical6.app */;
			productType = "com.apple.product-type.application";
		};
		87EC8EC32395E9E70010F653 /* MAD2_Practical6Tests */ = {
			isa = PBXNativeTarget;
			buildConfigurationList = 87EC8EDB2395E9E70010F653 /* Build configuration list for PBXNativeTarget "MAD2_Practical6Tests" */;
			buildPhases = (
				87EC8EC02395E9E70010F653 /* Sources */,
				87EC8EC12395E9E70010F653 /* Frameworks */,
				87EC8EC22395E9E70010F653 /* Resources */,
			);
			buildRules = (
			);
			dependencies = (
				87EC8EC62395E9E70010F653 /* PBXTargetDependency */,
			);
			name = MAD2_Practical6Tests;
			productName = MAD2_Practical6Tests;
			productReference = 87EC8EC42395E9E70010F653 /* MAD2_Practical6Tests.xctest */;
			productType = "com.apple.product-type.bundle.unit-test";
		};
		87EC8ECE2395E9E70010F653 /* MAD2_Practical6UITests */ = {
			isa = PBXNativeTarget;
			buildConfigurationList = 87EC8EDE2395E9E70010F653 /* Build configuration list for PBXNativeTarget "MAD2_Practical6UITests" */;
			buildPhases = (
				87EC8ECB2395E9E70010F653 /* Sources */,
				87EC8ECC2395E9E70010F653 /* Frameworks */,
				87EC8ECD2395E9E70010F653 /* Resources */,
			);
			buildRules = (
			);
			dependencies = (
				87EC8ED12395E9E70010F653 /* PBXTargetDependency */,
			);
			name = MAD2_Practical6UITests;
			productName = MAD2_Practical6UITests;
			productReference = 87EC8ECF2395E9E70010F653 /* MAD2_Practical6UITests.xctest */;
			productType = "com.apple.product-type.bundle.ui-testing";
		};
/* End PBXNativeTarget section */

/* Begin PBXProject section */
		87EC8EA62395E9E60010F653 /* Project object */ = {
			isa = PBXProject;
			attributes = {
				LastSwiftUpdateCheck = 1100;
				LastUpgradeCheck = 1100;
				ORGANIZATIONNAME = MAD2_P02;
				TargetAttributes = {
					87EC8EAD2395E9E60010F653 = {
						CreatedOnToolsVersion = 11.0;
					};
					87EC8EC32395E9E70010F653 = {
						CreatedOnToolsVersion = 11.0;
						TestTargetID = 87EC8EAD2395E9E60010F653;
					};
					87EC8ECE2395E9E70010F653 = {
						CreatedOnToolsVersion = 11.0;
						TestTargetID = 87EC8EAD2395E9E60010F653;
					};
				};
			};
			buildConfigurationList = 87EC8EA92395E9E60010F653 /* Build configuration list for PBXProject "MAD2_Practical6" */;
			compatibilityVersion = "Xcode 9.3";
			developmentRegion = en;
			hasScannedForEncodings = 0;
			knownRegions = (
				en,
				Base,
			);
			mainGroup = 87EC8EA52395E9E60010F653;
			productRefGroup = 87EC8EAF2395E9E60010F653 /* Products */;
			projectDirPath = "";
			projectRoot = "";
			targets = (
				87EC8EAD2395E9E60010F653 /* MAD2_Practical6 */,
				87EC8EC32395E9E70010F653 /* MAD2_Practical6Tests */,
				87EC8ECE2395E9E70010F653 /* MAD2_Practical6UITests */,
			);
		};
/* End PBXProject section */

/* Begin PBXResourcesBuildPhase section */
		87EC8EAC2395E9E60010F653 /* Resources */ = {
			isa = PBXResourcesBuildPhase;
			buildActionMask = 2147483647;
			files = (
				87EC8EE22395EA2E0010F653 /* Content.storyboard in Resources */,
				87EC8EBE2395E9E70010F653 /* LaunchScreen.storyboard in Resources */,
				87EC8EBB2395E9E70010F653 /* Assets.xcassets in Resources */,
				87EC8EB92395E9E60010F653 /* Main.storyboard in Resources */,
			);
			runOnlyForDeploymentPostprocessing = 0;
		};
		87EC8EC22395E9E70010F653 /* Resources */ = {
			isa = PBXResourcesBuildPhase;
			buildActionMask = 2147483647;
			files = (
			);
			runOnlyForDeploymentPostprocessing = 0;
		};
		87EC8ECD2395E9E70010F653 /* Resources */ = {
			isa = PBXResourcesBuildPhase;
			buildActionMask = 2147483647;
			files = (
			);
			runOnlyForDeploymentPostprocessing = 0;
		};
/* End PBXResourcesBuildPhase section */

/* Begin PBXShellScriptBuildPhase section */
		AF87112954AE6767D9223D85 /* [CP] Check Pods Manifest.lock */ = {
			isa = PBXShellScriptBuildPhase;
			buildActionMask = 2147483647;
			files = (
			);
			inputFileListPaths = (
			);
			inputPaths = (
				"${PODS_PODFILE_DIR_PATH}/Podfile.lock",
				"${PODS_ROOT}/Manifest.lock",
			);
			name = "[CP] Check Pods Manifest.lock";
			outputFileListPaths = (
			);
			outputPaths = (
				"$(DERIVED_FILE_DIR)/Pods-MAD2_Practical6-checkManifestLockResult.txt",
			);
			runOnlyForDeploymentPostprocessing = 0;
			shellPath = /bin/sh;
			shellScript = "diff \"${PODS_PODFILE_DIR_PATH}/Podfile.lock\" \"${PODS_ROOT}/Manifest.lock\" > /dev/null\nif [ $? != 0 ] ; then\n    # print error to STDERR\n    echo \"error: The sandbox is not in sync with the Podfile.lock. Run 'pod install' or update your CocoaPods installation.\" >&2\n    exit 1\nfi\n# This output is used by Xcode 'outputs' to avoid re-running this script phase.\necho \"SUCCESS\" > \"${SCRIPT_OUTPUT_FILE_0}\"\n";
			showEnvVarsInLog = 0;
		};
/* End PBXShellScriptBuildPhase section */

/* Begin PBXSourcesBuildPhase section */
		87EC8EAA2395E9E60010F653 /* Sources */ = {
			isa = PBXSourcesBuildPhase;
			buildActionMask = 2147483647;
			files = (
				87EC8EB62395E9E60010F653 /* ViewController.swift in Sources */,
				87EC8EB22395E9E60010F653 /* AppDelegate.swift in Sources */,
				87EC8EB42395E9E60010F653 /* SceneDelegate.swift in Sources */,
			);
			runOnlyForDeploymentPostprocessing = 0;
		};
		87EC8EC02395E9E70010F653 /* Sources */ = {
			isa = PBXSourcesBuildPhase;
			buildActionMask = 2147483647;
			files = (
				87EC8EC92395E9E70010F653 /* MAD2_Practical6Tests.swift in Sources */,
			);
			runOnlyForDeploymentPostprocessing = 0;
		};
		87EC8ECB2395E9E70010F653 /* Sources */ = {
			isa = PBXSourcesBuildPhase;
			buildActionMask = 2147483647;
			files = (
				87EC8ED42395E9E70010F653 /* MAD2_Practical6UITests.swift in Sources */,
			);
			runOnlyForDeploymentPostprocessing = 0;
		};
/* End PBXSourcesBuildPhase section */

/* Begin PBXTargetDependency section */
		87EC8EC62395E9E70010F653 /* PBXTargetDependency */ = {
			isa = PBXTargetDependency;
			target = 87EC8EAD2395E9E60010F653 /* MAD2_Practical6 */;
			targetProxy = 87EC8EC52395E9E70010F653 /* PBXContainerItemProxy */;
		};
		87EC8ED12395E9E70010F653 /* PBXTargetDependency */ = {
			isa = PBXTargetDependency;
			target = 87EC8EAD2395E9E60010F653 /* MAD2_Practical6 */;
			targetProxy = 87EC8ED02395E9E70010F653 /* PBXContainerItemProxy */;
		};
/* End PBXTargetDependency section */

/* Begin PBXVariantGroup section */
		87EC8EB72395E9E60010F653 /* Main.storyboard */ = {
			isa = PBXVariantGroup;
			children = (
				87EC8EB82395E9E60010F653 /* Base */,
			);
			name = Main.storyboard;
			sourceTree = "<group>";
		};
		87EC8EBC2395E9E70010F653 /* LaunchScreen.storyboard */ = {
			isa = PBXVariantGroup;
			children = (
				87EC8EBD2395E9E70010F653 /* Base */,
			);
			name = LaunchScreen.storyboard;
			sourceTree = "<group>";
		};
/* End PBXVariantGroup section */

/* Begin XCBuildConfiguration section */
		87EC8ED62395E9E70010F653 /* Debug */ = {
			isa = XCBuildConfiguration;
			buildSettings = {
				ALWAYS_SEARCH_USER_PATHS = NO;
				CLANG_ANALYZER_NONNULL = YES;
				CLANG_ANALYZER_NUMBER_OBJECT_CONVERSION = YES_AGGRESSIVE;
				CLANG_CXX_LANGUAGE_STANDARD = "gnu++14";
				CLANG_CXX_LIBRARY = "libc++";
				CLANG_ENABLE_MODULES = YES;
				CLANG_ENABLE_OBJC_ARC = YES;
				CLANG_ENABLE_OBJC_WEAK = YES;
				CLANG_WARN_BLOCK_CAPTURE_AUTORELEASING = YES;
				CLANG_WARN_BOOL_CONVERSION = YES;
				CLANG_WARN_COMMA = YES;
				CLANG_WARN_CONSTANT_CONVERSION = YES;
				CLANG_WARN_DEPRECATED_OBJC_IMPLEMENTATIONS = YES;
				CLANG_WARN_DIRECT_OBJC_ISA_USAGE = YES_ERROR;
				CLANG_WARN_DOCUMENTATION_COMMENTS = YES;
				CLANG_WARN_EMPTY_BODY = YES;
				CLANG_WARN_ENUM_CONVERSION = YES;
				CLANG_WARN_INFINITE_RECURSION = YES;
				CLANG_WARN_INT_CONVERSION = YES;
				CLANG_WARN_NON_LITERAL_NULL_CONVERSION = YES;
				CLANG_WARN_OBJC_IMPLICIT_RETAIN_SELF = YES;
				CLANG_WARN_OBJC_LITERAL_CONVERSION = YES;
				CLANG_WARN_OBJC_ROOT_CLASS = YES_ERROR;
				CLANG_WARN_RANGE_LOOP_ANALYSIS = YES;
				CLANG_WARN_STRICT_PROTOTYPES = YES;
				CLANG_WARN_SUSPICIOUS_MOVE = YES;
				CLANG_WARN_UNGUARDED_AVAILABILITY = YES_AGGRESSIVE;
				CLANG_WARN_UNREACHABLE_CODE = YES;
				CLANG_WARN__DUPLICATE_METHOD_MATCH = YES;
				COPY_PHASE_STRIP = NO;
				DEBUG_INFORMATION_FORMAT = dwarf;
				ENABLE_STRICT_OBJC_MSGSEND = YES;
				ENABLE_TESTABILITY = YES;
				GCC_C_LANGUAGE_STANDARD = gnu11;
				GCC_DYNAMIC_NO_PIC = NO;
				GCC_NO_COMMON_BLOCKS = YES;
				GCC_OPTIMIZATION_LEVEL = 0;
				GCC_PREPROCESSOR_DEFINITIONS = (
					"DEBUG=1",
					"$(inherited)",
				);
				GCC_WARN_64_TO_32_BIT_CONVERSION = YES;
				GCC_WARN_ABOUT_RETURN_TYPE = YES_ERROR;
				GCC_WARN_UNDECLARED_SELECTOR = YES;
				GCC_WARN_UNINITIALIZED_AUTOS = YES_AGGRESSIVE;
				GCC_WARN_UNUSED_FUNCTION = YES;
				GCC_WARN_UNUSED_VARIABLE = YES;
				IPHONEOS_DEPLOYMENT_TARGET = 13.0;
				MTL_ENABLE_DEBUG_INFO = INCLUDE_SOURCE;
				MTL_FAST_MATH = YES;
				ONLY_ACTIVE_ARCH = YES;
				SDKROOT = iphoneos;
				SWIFT_ACTIVE_COMPILATION_CONDITIONS = DEBUG;
				SWIFT_OPTIMIZATION_LEVEL = "-Onone";
			};
			name = Debug;
		};
		87EC8ED72395E9E70010F653 /* Release */ = {
			isa = XCBuildConfiguration;
			buildSettings = {
				ALWAYS_SEARCH_USER_PATHS = NO;
				CLANG_ANALYZER_NONNULL = YES;
				CLANG_ANALYZER_NUMBER_OBJECT_CONVERSION = YES_AGGRESSIVE;
				CLANG_CXX_LANGUAGE_STANDARD = "gnu++14";
				CLANG_CXX_LIBRARY = "libc++";
				CLANG_ENABLE_MODULES = YES;
				CLANG_ENABLE_OBJC_ARC = YES;
				CLANG_ENABLE_OBJC_WEAK = YES;
				CLANG_WARN_BLOCK_CAPTURE_AUTORELEASING = YES;
				CLANG_WARN_BOOL_CONVERSION = YES;
				CLANG_WARN_COMMA = YES;
				CLANG_WARN_CONSTANT_CONVERSION = YES;
				CLANG_WARN_DEPRECATED_OBJC_IMPLEMENTATIONS = YES;
				CLANG_WARN_DIRECT_OBJC_ISA_USAGE = YES_ERROR;
				CLANG_WARN_DOCUMENTATION_COMMENTS = YES;
				CLANG_WARN_EMPTY_BODY = YES;
				CLANG_WARN_ENUM_CONVERSION = YES;
				CLANG_WARN_INFINITE_RECURSION = YES;
				CLANG_WARN_INT_CONVERSION = YES;
				CLANG_WARN_NON_LITERAL_NULL_CONVERSION = YES;
				CLANG_WARN_OBJC_IMPLICIT_RETAIN_SELF = YES;
				CLANG_WARN_OBJC_LITERAL_CONVERSION = YES;
				CLANG_WARN_OBJC_ROOT_CLASS = YES_ERROR;
				CLANG_WARN_RANGE_LOOP_ANALYSIS = YES;
				CLANG_WARN_STRICT_PROTOTYPES = YES;
				CLANG_WARN_SUSPICIOUS_MOVE = YES;
				CLANG_WARN_UNGUARDED_AVAILABILITY = YES_AGGRESSIVE;
				CLANG_WARN_UNREACHABLE_CODE = YES;
				CLANG_WARN__DUPLICATE_METHOD_MATCH = YES;
				COPY_PHASE_STRIP = NO;
				DEBUG_INFORMATION_FORMAT = "dwarf-with-dsym";
				ENABLE_NS_ASSERTIONS = NO;
				ENABLE_STRICT_OBJC_MSGSEND = YES;
				GCC_C_LANGUAGE_STANDARD = gnu11;
				GCC_NO_COMMON_BLOCKS = YES;
				GCC_WARN_64_TO_32_BIT_CONVERSION = YES;
				GCC_WARN_ABOUT_RETURN_TYPE = YES_ERROR;
				GCC_WARN_UNDECLARED_SELECTOR = YES;
				GCC_WARN_UNINITIALIZED_AUTOS = YES_AGGRESSIVE;
				GCC_WARN_UNUSED_FUNCTION = YES;
				GCC_WARN_UNUSED_VARIABLE = YES;
				IPHONEOS_DEPLOYMENT_TARGET = 13.0;
				MTL_ENABLE_DEBUG_INFO = NO;
				MTL_FAST_MATH = YES;
				SDKROOT = iphoneos;
				SWIFT_COMPILATION_MODE = wholemodule;
				SWIFT_OPTIMIZATION_LEVEL = "-O";
				VALIDATE_PRODUCT = YES;
			};
			name = Release;
		};
		87EC8ED92395E9E70010F653 /* Debug */ = {
			isa = XCBuildConfiguration;
			baseConfigurationReference = C666A0CD6C11FAF6A2F58FD7 /* Pods-MAD2_Practical6.debug.xcconfig */;
			buildSettings = {
				ASSETCATALOG_COMPILER_APPICON_NAME = AppIcon;
				CODE_SIGN_STYLE = Automatic;
				INFOPLIST_FILE = MAD2_Practical6/Info.plist;
				LD_RUNPATH_SEARCH_PATHS = (
					"$(inherited)",
					"@executable_path/Frameworks",
				);
				PRODUCT_BUNDLE_IDENTIFIER = "Wong-Kah-Wo.MAD2-Practical6";
				PRODUCT_NAME = "$(TARGET_NAME)";
				SWIFT_VERSION = 5.0;
				TARGETED_DEVICE_FAMILY = "1,2";
			};
			name = Debug;
		};
		87EC8EDA2395E9E70010F653 /* Release */ = {
			isa = XCBuildConfiguration;
			baseConfigurationReference = 9B2BF9AF083611C4D06CA6EC /* Pods-MAD2_Practical6.release.xcconfig */;
			buildSettings = {
				ASSETCATALOG_COMPILER_APPICON_NAME = AppIcon;
				CODE_SIGN_STYLE = Automatic;
				INFOPLIST_FILE = MAD2_Practical6/Info.plist;
				LD_RUNPATH_SEARCH_PATHS = (
					"$(inherited)",
					"@executable_path/Frameworks",
				);
				PRODUCT_BUNDLE_IDENTIFIER = "Wong-Kah-Wo.MAD2-Practical6";
				PRODUCT_NAME = "$(TARGET_NAME)";
				SWIFT_VERSION = 5.0;
				TARGETED_DEVICE_FAMILY = "1,2";
			};
			name = Release;
		};
		87EC8EDC2395E9E70010F653 /* Debug */ = {
			isa = XCBuildConfiguration;
			buildSettings = {
				ALWAYS_EMBED_SWIFT_STANDARD_LIBRARIES = YES;
				BUNDLE_LOADER = "$(TEST_HOST)";
				CODE_SIGN_STYLE = Automatic;
				INFOPLIST_FILE = MAD2_Practical6Tests/Info.plist;
				IPHONEOS_DEPLOYMENT_TARGET = 13.0;
				LD_RUNPATH_SEARCH_PATHS = (
					"$(inherited)",
					"@executable_path/Frameworks",
					"@loader_path/Frameworks",
				);
				PRODUCT_BUNDLE_IDENTIFIER = "Wong-Kah-Wo.MAD2-Practical6Tests";
				PRODUCT_NAME = "$(TARGET_NAME)";
				SWIFT_VERSION = 5.0;
				TARGETED_DEVICE_FAMILY = "1,2";
				TEST_HOST = "$(BUILT_PRODUCTS_DIR)/MAD2_Practical6.app/MAD2_Practical6";
			};
			name = Debug;
		};
		87EC8EDD2395E9E70010F653 /* Release */ = {
			isa = XCBuildConfiguration;
			buildSettings = {
				ALWAYS_EMBED_SWIFT_STANDARD_LIBRARIES = YES;
				BUNDLE_LOADER = "$(TEST_HOST)";
				CODE_SIGN_STYLE = Automatic;
				INFOPLIST_FILE = MAD2_Practical6Tests/Info.plist;
				IPHONEOS_DEPLOYMENT_TARGET = 13.0;
				LD_RUNPATH_SEARCH_PATHS = (
					"$(inherited)",
					"@executable_path/Frameworks",
					"@loader_path/Frameworks",
				);
				PRODUCT_BUNDLE_IDENTIFIER = "Wong-Kah-Wo.MAD2-Practical6Tests";
				PRODUCT_NAME = "$(TARGET_NAME)";
				SWIFT_VERSION = 5.0;
				TARGETED_DEVICE_FAMILY = "1,2";
				TEST_HOST = "$(BUILT_PRODUCTS_DIR)/MAD2_Practical6.app/MAD2_Practical6";
			};
			name = Release;
		};
		87EC8EDF2395E9E70010F653 /* Debug */ = {
			isa = XCBuildConfiguration;
			buildSettings = {
				ALWAYS_EMBED_SWIFT_STANDARD_LIBRARIES = YES;
				CODE_SIGN_STYLE = Automatic;
				INFOPLIST_FILE = MAD2_Practical6UITests/Info.plist;
				LD_RUNPATH_SEARCH_PATHS = (
					"$(inherited)",
					"@executable_path/Frameworks",
					"@loader_path/Frameworks",
				);
				PRODUCT_BUNDLE_IDENTIFIER = "Wong-Kah-Wo.MAD2-Practical6UITests";
				PRODUCT_NAME = "$(TARGET_NAME)";
				SWIFT_VERSION = 5.0;
				TARGETED_DEVICE_FAMILY = "1,2";
				TEST_TARGET_NAME = MAD2_Practical6;
			};
			name = Debug;
		};
		87EC8EE02395E9E70010F653 /* Release */ = {
			isa = XCBuildConfiguration;
			buildSettings = {
				ALWAYS_EMBED_SWIFT_STANDARD_LIBRARIES = YES;
				CODE_SIGN_STYLE = Automatic;
				INFOPLIST_FILE = MAD2_Practical6UITests/Info.plist;
				LD_RUNPATH_SEARCH_PATHS = (
					"$(inherited)",
					"@executable_path/Frameworks",
					"@loader_path/Frameworks",
				);
				PRODUCT_BUNDLE_IDENTIFIER = "Wong-Kah-Wo.MAD2-Practical6UITests";
				PRODUCT_NAME = "$(TARGET_NAME)";
				SWIFT_VERSION = 5.0;
				TARGETED_DEVICE_FAMILY = "1,2";
				TEST_TARGET_NAME = MAD2_Practical6;
			};
			name = Release;
		};
/* End XCBuildConfiguration section */

/* Begin XCConfigurationList section */
		87EC8EA92395E9E60010F653 /* Build configuration list for PBXProject "MAD2_Practical6" */ = {
			isa = XCConfigurationList;
			buildConfigurations = (
				87EC8ED62395E9E70010F653 /* Debug */,
				87EC8ED72395E9E70010F653 /* Release */,
			);
			defaultConfigurationIsVisible = 0;
			defaultConfigurationName = Release;
		};
		87EC8ED82395E9E70010F653 /* Build configuration list for PBXNativeTarget "MAD2_Practical6" */ = {
			isa = XCConfigurationList;
			buildConfigurations = (
				87EC8ED92395E9E70010F653 /* Debug */,
				87EC8EDA2395E9E70010F653 /* Release */,
			);
			defaultConfigurationIsVisible = 0;
			defaultConfigurationName = Release;
		};
		87EC8EDB2395E9E70010F653 /* Build configuration list for PBXNativeTarget "MAD2_Practical6Tests" */ = {
			isa = XCConfigurationList;
			buildConfigurations = (
				87EC8EDC2395E9E70010F653 /* Debug */,
				87EC8EDD2395E9E70010F653 /* Release */,
			);
			defaultConfigurationIsVisible = 0;
			defaultConfigurationName = Release;
		};
		87EC8EDE2395E9E70010F653 /* Build configuration list for PBXNativeTarget "MAD2_Practical6UITests" */ = {
			isa = XCConfigurationList;
			buildConfigurations = (
				87EC8EDF2395E9E70010F653 /* Debug */,
				87EC8EE02395E9E70010F653 /* Release */,
			);
			defaultConfigurationIsVisible = 0;
			defaultConfigurationName = Release;
		};
/* End XCConfigurationList section */
	};
	rootObject = 87EC8EA62395E9E60010F653 /* Project object */;
}
